
Microsoft Visual Studio Solution File, Format Version 12.00
# Visual Studio Version 17
VisualStudioVersion = 17.9.34607.119
MinimumVisualStudioVersion = 10.0.40219.1
Project("{9A19103F-16F7-4668-BE54-9A1E7A4F7556}") = "ConceitosBasicos", "ConceitosBasicos\ConceitosBasicos.csproj", "{D8E7894C-7CD2-4C32-B373-E7E755C28F8C}"
EndProject
Project("{FAE04EC0-301F-11D3-BF4B-00C04F79EFBC}") = "TesteConceitosBasicos", "TesteConceitosBasicos\TesteConceitosBasicos.csproj", "{B1ACBC12-17B8-4DFF-A332-E452889A9FB8}"
EndProject
Global
	GlobalSection(SolutionConfigurationPlatforms) = preSolution
		Debug|Any CPU = Debug|Any CPU
		Release|Any CPU = Release|Any CPU
	EndGlobalSection
	GlobalSection(ProjectConfigurationPlatforms) = postSolution
		{D8E7894C-7CD2-4C32-B373-E7E755C28F8C}.Debug|Any CPU.ActiveCfg = Debug|Any CPU
		{D8E7894C-7CD2-4C32-B373-E7E755C28F8C}.Debug|Any CPU.Build.0 = Debug|Any CPU
		{D8E7894C-7CD2-4C32-B373-E7E755C28F8C}.Release|Any CPU.ActiveCfg = Release|Any CPU
		{D8E7894C-7CD2-4C32-B373-E7E755C28F8C}.Release|Any CPU.Build.0 = Release|Any CPU
		{B1ACBC12-17B8-4DFF-A332-E452889A9FB8}.Debug|Any CPU.ActiveCfg = Debug|Any CPU
		{B1ACBC12-17B8-4DFF-A332-E452889A9FB8}.Debug|Any CPU.Build.0 = Debug|Any CPU
		{B1ACBC12-17B8-4DFF-A332-E452889A9FB8}.Release|Any CPU.ActiveCfg = Release|Any CPU
		{B1ACBC12-17B8-4DFF-A332-E452889A9FB8}.Release|Any CPU.Build.0 = Release|Any CPU
	EndGlobalSection
	GlobalSection(SolutionProperties) = preSolution
		HideSolutionNode = FALSE
	EndGlobalSection
	GlobalSection(ExtensibilityGlobals) = postSolution
		SolutionGuid = {F4F6A1E5-A265-464E-8D14-F910728045B0}
	EndGlobalSection
EndGlobal
